
Microsoft Visual Studio Solution File, Format Version 12.00
# Visual Studio 2012
Project("{8BC9CEB8-8B4A-11D0-8D11-00A0C91BC942}") = "smart sweepers", "smart sweepers.vcxproj", "{DEEB6D64-1D0E-4B93-A084-3B0A54C9CD6B}"
EndProject
Global
	GlobalSection(SolutionConfigurationPlatforms) = preSolution
		Debug|Win32 = Debug|Win32
		Release|Win32 = Release|Win32
	EndGlobalSection
	GlobalSection(ProjectConfigurationPlatforms) = postSolution
		{DEEB6D64-1D0E-4B93-A084-3B0A54C9CD6B}.Debug|Win32.ActiveCfg = Debug|Win32
		{DEEB6D64-1D0E-4B93-A084-3B0A54C9CD6B}.Debug|Win32.Build.0 = Debug|Win32
		{DEEB6D64-1D0E-4B93-A084-3B0A54C9CD6B}.Release|Win32.ActiveCfg = Release|Win32
		{DEEB6D64-1D0E-4B93-A084-3B0A54C9CD6B}.Release|Win32.Build.0 = Release|Win32
	EndGlobalSection
	GlobalSection(SolutionProperties) = preSolution
		HideSolutionNode = FALSE
	EndGlobalSection
EndGlobal
